PODS:
  - app_links (1.0.0):
    - FlutterMacOS
  - connectivity_plus (0.0.1):
    - FlutterMacOS
  - CwlCatchException (2.2.1):
    - CwlCatchExceptionSupport (~> 2.2.1)
  - CwlCatchExceptionSupport (2.2.1)
  - device_info_plus (0.0.1):
    - FlutterMacOS
  - flutter_blue_plus (0.0.1):
    - FlutterMacOS
  - flutter_inappwebview_macos (0.0.1):
    - FlutterMacOS
    - OrderedSet (~> 6.0.3)
  - flutter_secure_storage_macos (6.1.3):
    - FlutterMacOS
  - FlutterMacOS (1.0.0)
  - geolocator_apple (1.2.0):
    - FlutterMacOS
  - local_auth_darwin (0.0.1):
    - Flutter
    - FlutterMacOS
  - ObjectBox (4.1.0)
  - objectbox_flutter_libs (0.0.1):
    - FlutterMacOS
    - ObjectBox (= 4.1.0)
  - OrderedSet (6.0.3)
  - package_info_plus (0.0.1):
    - FlutterMacOS
  - path_provider_foundation (0.0.1):
    - Flutter
    - FlutterMacOS
  - powersync-sqlite-core (0.4.10)
  - powersync_flutter_libs (0.0.1):
    - Flutter
    - FlutterMacOS
    - powersync-sqlite-core (~> 0.4.6)
  - shared_preferences_foundation (0.0.1):
    - Flutter
    - FlutterMacOS
  - speech_to_text (7.2.0):
    - CwlCatchException
    - Flutter
    - FlutterMacOS
  - sqflite_darwin (0.0.4):
    - Flutter
    - FlutterMacOS
  - sqlite3 (3.50.4):
    - sqlite3/common (= 3.50.4)
  - sqlite3/common (3.50.4)
  - sqlite3/dbstatvtab (3.50.4):
    - sqlite3/common
  - sqlite3/fts5 (3.50.4):
    - sqlite3/common
  - sqlite3/math (3.50.4):
    - sqlite3/common
  - sqlite3/perf-threadsafe (3.50.4):
    - sqlite3/common
  - sqlite3/rtree (3.50.4):
    - sqlite3/common
  - sqlite3/session (3.50.4):
    - sqlite3/common
  - sqlite3_flutter_libs (0.0.1):
    - Flutter
    - FlutterMacOS
    - sqlite3 (~> 3.50.4)
    - sqlite3/dbstatvtab
    - sqlite3/fts5
    - sqlite3/math
    - sqlite3/perf-threadsafe
    - sqlite3/rtree
    - sqlite3/session
  - url_launcher_macos (0.0.1):
    - FlutterMacOS
  - wakelock_plus (0.0.1):
    - FlutterMacOS

DEPENDENCIES:
  - app_links (from `Flutter/ephemeral/.symlinks/plugins/app_links/macos`)
  - connectivity_plus (from `Flutter/ephemeral/.symlinks/plugins/connectivity_plus/macos`)
  - device_info_plus (from `Flutter/ephemeral/.symlinks/plugins/device_info_plus/macos`)
  - flutter_blue_plus (from `Flutter/ephemeral/.symlinks/plugins/flutter_blue_plus/macos`)
  - flutter_inappwebview_macos (from `Flutter/ephemeral/.symlinks/plugins/flutter_inappwebview_macos/macos`)
  - flutter_secure_storage_macos (from `Flutter/ephemeral/.symlinks/plugins/flutter_secure_storage_macos/macos`)
  - FlutterMacOS (from `Flutter/ephemeral`)
  - geolocator_apple (from `Flutter/ephemeral/.symlinks/plugins/geolocator_apple/macos`)
  - local_auth_darwin (from `Flutter/ephemeral/.symlinks/plugins/local_auth_darwin/darwin`)
  - objectbox_flutter_libs (from `Flutter/ephemeral/.symlinks/plugins/objectbox_flutter_libs/macos`)
  - package_info_plus (from `Flutter/ephemeral/.symlinks/plugins/package_info_plus/macos`)
  - path_provider_foundation (from `Flutter/ephemeral/.symlinks/plugins/path_provider_foundation/darwin`)
  - powersync_flutter_libs (from `Flutter/ephemeral/.symlinks/plugins/powersync_flutter_libs/darwin`)
  - shared_preferences_foundation (from `Flutter/ephemeral/.symlinks/plugins/shared_preferences_foundation/darwin`)
  - speech_to_text (from `Flutter/ephemeral/.symlinks/plugins/speech_to_text/darwin`)
  - sqflite_darwin (from `Flutter/ephemeral/.symlinks/plugins/sqflite_darwin/darwin`)
  - sqlite3_flutter_libs (from `Flutter/ephemeral/.symlinks/plugins/sqlite3_flutter_libs/darwin`)
  - url_launcher_macos (from `Flutter/ephemeral/.symlinks/plugins/url_launcher_macos/macos`)
  - wakelock_plus (from `Flutter/ephemeral/.symlinks/plugins/wakelock_plus/macos`)

SPEC REPOS:
  trunk:
    - CwlCatchException
    - CwlCatchExceptionSupport
    - ObjectBox
    - OrderedSet
    - powersync-sqlite-core
    - sqlite3

EXTERNAL SOURCES:
  app_links:
    :path: Flutter/ephemeral/.symlinks/plugins/app_links/macos
  connectivity_plus:
    :path: Flutter/ephemeral/.symlinks/plugins/connectivity_plus/macos
  device_info_plus:
    :path: Flutter/ephemeral/.symlinks/plugins/device_info_plus/macos
  flutter_blue_plus:
    :path: Flutter/ephemeral/.symlinks/plugins/flutter_blue_plus/macos
  flutter_inappwebview_macos:
    :path: Flutter/ephemeral/.symlinks/plugins/flutter_inappwebview_macos/macos
  flutter_secure_storage_macos:
    :path: Flutter/ephemeral/.symlinks/plugins/flutter_secure_storage_macos/macos
  FlutterMacOS:
    :path: Flutter/ephemeral
  geolocator_apple:
    :path: Flutter/ephemeral/.symlinks/plugins/geolocator_apple/macos
  local_auth_darwin:
    :path: Flutter/ephemeral/.symlinks/plugins/local_auth_darwin/darwin
  objectbox_flutter_libs:
    :path: Flutter/ephemeral/.symlinks/plugins/objectbox_flutter_libs/macos
  package_info_plus:
    :path: Flutter/ephemeral/.symlinks/plugins/package_info_plus/macos
  path_provider_foundation:
    :path: Flutter/ephemeral/.symlinks/plugins/path_provider_foundation/darwin
  powersync_flutter_libs:
    :path: Flutter/ephemeral/.symlinks/plugins/powersync_flutter_libs/darwin
  shared_preferences_foundation:
    :path: Flutter/ephemeral/.symlinks/plugins/shared_preferences_foundation/darwin
  speech_to_text:
    :path: Flutter/ephemeral/.symlinks/plugins/speech_to_text/darwin
  sqflite_darwin:
    :path: Flutter/ephemeral/.symlinks/plugins/sqflite_darwin/darwin
  sqlite3_flutter_libs:
    :path: Flutter/ephemeral/.symlinks/plugins/sqlite3_flutter_libs/darwin
  url_launcher_macos:
    :path: Flutter/ephemeral/.symlinks/plugins/url_launcher_macos/macos
  wakelock_plus:
    :path: Flutter/ephemeral/.symlinks/plugins/wakelock_plus/macos

SPEC CHECKSUMS:
  app_links: 86a57d95d4dec830373b8c85c21d1c59a4a5dc21
  connectivity_plus: 0a976dfd033b59192912fa3c6c7b54aab5093802
  CwlCatchException: 7acc161b299a6de7f0a46a6ed741eae2c8b4d75a
  CwlCatchExceptionSupport: 54ccab8d8c78907b57f99717fb19d4cc3bce02dc
  device_info_plus: 1b14eed9bf95428983aed283a8d51cce3d8c4215
  flutter_blue_plus: e2868679021f19d12a8c0c58a33f1df66ec7fa6a
  flutter_inappwebview_macos: bdf207b8f4ebd58e86ae06cd96b147de99a67c9b
  flutter_secure_storage_macos: c2754d3483d20bb207bb9e5a14f1b8e771abcdb9
  FlutterMacOS: d0db08ddef1a9af05a5ec4b724367152bb0500b1
  geolocator_apple: 72a78ae3f3e4ec0db62117bd93e34523f5011d58
  local_auth_darwin: 63c73d6d28cc3e239be2b6aa460ea6e317cd5100
  ObjectBox: bf3d4b51075d52868422d5d1f2f2141b1d630d30
  objectbox_flutter_libs: 90e8897eeef16e16bccaf0f91a6c92d53589dd64
  OrderedSet: e539b66b644ff081c73a262d24ad552a69be3a94
  package_info_plus: 12f1c5c2cfe8727ca46cbd0b26677728972d9a5b
  path_provider_foundation: 2b6b4c569c0fb62ec74538f866245ac84301af46
  powersync-sqlite-core: b30017e077c91915d53faebc5f7245384df78275
  powersync_flutter_libs: 6d1e96884e20082a54b3ceec06939649d038f572
  shared_preferences_foundation: fcdcbc04712aee1108ac7fda236f363274528f78
  speech_to_text: 87bf9298952e8d9073be1b6aade6d5758db5170c
  sqflite_darwin: 5a7236e3b501866c1c9befc6771dfd73ffb8702d
  sqlite3: 73513155ec6979715d3904ef53a8d68892d4032b
  sqlite3_flutter_libs: 86f82662868ee26ff3451f73cac9c5fc2a1f57fa
  url_launcher_macos: c82c93949963e55b228a30115bd219499a6fe404
  wakelock_plus: 9d63063ffb7af1c215209769067c57103bde719d

PODFILE CHECKSUM: 32cd93bea4a742aadfebbcf392d60035c34780e6

COCOAPODS: 1.16.2
